// !$*UTF8*$!
{
	archiveVersion = 1;
	classes = {
	};
	objectVersion = 46;
	objects = {

/* Begin PBXBuildFile section */
		04B3B7AA1DD97CF6006ED2FF /* main.m in Sources */ = {isa = PBXBuildFile; fileRef = 04B3B7A91DD97CF6006ED2FF /* main.m */; };
		04B3B7AD1DD97CF6006ED2FF /* AppDelegate.m in Sources */ = {isa = PBXBuildFile; fileRef = 04B3B7AC1DD97CF6006ED2FF /* AppDelegate.m */; };
		04B3B7B01DD97CF6006ED2FF /* ViewController.m in Sources */ = {isa = PBXBuildFile; fileRef = 04B3B7AF1DD97CF6006ED2FF /* ViewController.m */; };
		04B3B7B31DD97CF6006ED2FF /* Main.storyboard in Resources */ = {isa = PBXBuildFile; fileRef = 04B3B7B11DD97CF6006ED2FF /* Main.storyboard */; };
		04B3B7B51DD97CF6006ED2FF /* Assets.xcassets in Resources */ = {isa = PBXBuildFile; fileRef = 04B3B7B41DD97CF6006ED2FF /* Assets.xcassets */; };
		04B3B7B81DD97CF6006ED2FF /* LaunchScreen.storyboard in Resources */ = {isa = PBXBuildFile; fileRef = 04B3B7B61DD97CF6006ED2FF /* LaunchScreen.storyboard */; };
		04B3B7C01DD97FB8006ED2FF /* CoreLocation.framework in Frameworks */ = {isa = PBXBuildFile; fileRef = 04B3B7BF1DD97FB8006ED2FF /* CoreLocation.framework */; };
		04B3B7C21DD97FC1006ED2FF /* MapKit.framework in Frameworks */ = {isa = PBXBuildFile; fileRef = 04B3B7C11DD97FC1006ED2FF /* MapKit.framework */; };
/* End PBXBuildFile section */

/* Begin PBXFileReference section */
		04B3B7A51DD97CF5006ED2FF /* SWhereAmI.app */ = {isa = PBXFileReference; explicitFileType = wrapper.application; includeInIndex = 0; path = SWhereAmI.app; sourceTree = BUILT_PRODUCTS_DIR; };
		04B3B7A91DD97CF6006ED2FF /* main.m */ = {isa = PBXFileReference; lastKnownFileType = sourcecode.c.objc; path = main.m; sourceTree = "<group>"; };
		04B3B7AB1DD97CF6006ED2FF /* AppDelegate.h */ = {isa = PBXFileReference; lastKnownFileType = sourcecode.c.h; path = AppDelegate.h; sourceTree = "<group>"; };
		04B3B7AC1DD97CF6006ED2FF /* AppDelegate.m */ = {isa = PBXFileReference; lastKnownFileType = sourcecode.c.objc; path = AppDelegate.m; sourceTree = "<group>"; };
		04B3B7AE1DD97CF6006ED2FF /* ViewController.h */ = {isa = PBXFileReference; lastKnownFileType = sourcecode.c.h; path = ViewController.h; sourceTree = "<group>"; };
		04B3B7AF1DD97CF6006ED2FF /* ViewController.m */ = {isa = PBXFileReference; lastKnownFileType = sourcecode.c.objc; path = ViewController.m; sourceTree = "<group>"; };
		04B3B7B21DD97CF6006ED2FF /* Base */ = {isa = PBXFileReference; lastKnownFileType = file.storyboard; name = Base; path = Base.lproj/Main.storyboard; sourceTree = "<group>"; };
		04B3B7B41DD97CF6006ED2FF /* Assets.xcassets */ = {isa = PBXFileReference; lastKnownFileType = folder.assetcatalog; path = Assets.xcassets; sourceTree = "<group>"; };
		04B3B7B71DD97CF6006ED2FF /* Base */ = {isa = PBXFileReference; lastKnownFileType = file.storyboard; name = Base; path = Base.lproj/LaunchScreen.storyboard; sourceTree = "<group>"; };
		04B3B7B91DD97CF6006ED2FF /* Info.plist */ = {isa = PBXFileReference; lastKnownFileType = text.plist.xml; path = Info.plist; sourceTree = "<group>"; };
		04B3B7BF1DD97FB8006ED2FF /* CoreLocation.framework */ = {isa = PBXFileReference; lastKnownFileType = wrapper.framework; name = CoreLocation.framework; path = System/Library/Frameworks/CoreLocation.framework; sourceTree = SDKROOT; };
		04B3B7C11DD97FC1006ED2FF /* MapKit.framework */ = {isa = PBXFileReference; lastKnownFileType = wrapper.framework; name = MapKit.framework; path = System/Library/Frameworks/MapKit.framework; sourceTree = SDKROOT; };
/* End PBXFileReference section */

/* Begin PBXFrameworksBuildPhase section */
		04B3B7A21DD97CF5006ED2FF /* Frameworks */ = {
			isa = PBXFrameworksBuildPhase;
			buildActionMask = 2147483647;
			files = (
				04B3B7C21DD97FC1006ED2FF /* MapKit.framework in Frameworks */,
				04B3B7C01DD97FB8006ED2FF /* CoreLocation.framework in Frameworks */,
			);
			runOnlyForDeploymentPostprocessing = 0;
		};
/* End PBXFrameworksBuildPhase section */

/* Begin PBXGroup section */
		04B3B79C1DD97CF5006ED2FF = {
			isa = PBXGroup;
			children = (
				04B3B7C11DD97FC1006ED2FF /* MapKit.framework */,
				04B3B7BF1DD97FB8006ED2FF /* CoreLocation.framework */,
				04B3B7A71DD97CF5006ED2FF /* SWhereAmI */,
				04B3B7A61DD97CF5006ED2FF /* Products */,
			);
			sourceTree = "<group>";
		};
		04B3B7A61DD97CF5006ED2FF /* Products */ = {
			isa = PBXGroup;
			children = (
				04B3B7A51DD97CF5006ED2FF /* SWhereAmI.app */,
			);
			name = Products;
			sourceTree = "<group>";
		};
		04B3B7A71DD97CF5006ED2FF /* SWhereAmI */ = {
			isa = PBXGroup;
			children = (
				04B3B7AB1DD97CF6006ED2FF /* AppDelegate.h */,
				04B3B7AC1DD97CF6006ED2FF /* AppDelegate.m */,
				04B3B7AE1DD97CF6006ED2FF /* ViewController.h */,
				04B3B7AF1DD97CF6006ED2FF /* ViewController.m */,
				04B3B7B11DD97CF6006ED2FF /* Main.storyboard */,
				04B3B7B41DD97CF6006ED2FF /* Assets.xcassets */,
				04B3B7B61DD97CF6006ED2FF /* LaunchScreen.storyboard */,
				04B3B7B91DD97CF6006ED2FF /* Info.plist */,
				04B3B7A81DD97CF5006ED2FF /* Supporting Files */,
			);
			path = SWhereAmI;
			sourceTree = "<group>";
		};
		04B3B7A81DD97CF5006ED2FF /* Supporting Files */ = {
			isa = PBXGroup;
			children = (
				04B3B7A91DD97CF6006ED2FF /* main.m */,
			);
			name = "Supporting Files";
			sourceTree = "<group>";
		};
/* End PBXGroup section */

/* Begin PBXNativeTarget section */
		04B3B7A41DD97CF5006ED2FF /* SWhereAmI */ = {
			isa = PBXNativeTarget;
			buildConfigurationList = 04B3B7BC1DD97CF6006ED2FF /* Build configuration list for PBXNativeTarget "SWhereAmI" */;
			buildPhases = (
				04B3B7A11DD97CF5006ED2FF /* Sources */,
				04B3B7A21DD97CF5006ED2FF /* Frameworks */,
				04B3B7A31DD97CF5006ED2FF /* Resources */,
			);
			buildRules = (
			);
			dependencies = (
			);
			name = SWhereAmI;
			productName = SWhereAmI;
			productReference = 04B3B7A51DD97CF5006ED2FF /* SWhereAmI.app */;
			productType = "com.apple.product-type.application";
		};
/* End PBXNativeTarget section */

/* Begin PBXProject section */
		04B3B79D1DD97CF5006ED2FF /* Project object */ = {
			isa = PBXProject;
			attributes = {
				LastUpgradeCheck = 0730;
				ORGANIZATIONNAME = "Swapnil Magar";
				TargetAttributes = {
					04B3B7A41DD97CF5006ED2FF = {
						CreatedOnToolsVersion = 7.3.1;
					};
				};
			};
			buildConfigurationList = 04B3B7A01DD97CF5006ED2FF /* Build configuration list for PBXProject "SWhereAmI" */;
			compatibilityVersion = "Xcode 3.2";
			developmentRegion = English;
			hasScannedForEncodings = 0;
			knownRegions = (
				en,
				Base,
			);
			mainGroup = 04B3B79C1DD97CF5006ED2FF;
			productRefGroup = 04B3B7A61DD97CF5006ED2FF /* Products */;
			projectDirPath = "";
			projectRoot = "";
			targets = (
				04B3B7A41DD97CF5006ED2FF /* SWhereAmI */,
			);
		};
/* End PBXProject section */

/* Begin PBXResourcesBuildPhase section */
		04B3B7A31DD97CF5006ED2FF /* Resources */ = {
			isa = PBXResourcesBuildPhase;
			buildActionMask = 2147483647;
			files = (
				04B3B7B81DD97CF6006ED2FF /* LaunchScreen.storyboard in Resources */,
				04B3B7B51DD97CF6006ED2FF /* Assets.xcassets in Resources */,
				04B3B7B31DD97CF6006ED2FF /* Main.storyboard in Resources */,
			);
			runOnlyForDeploymentPostprocessing = 0;
		};
/* End PBXResourcesBuildPhase section */

/* Begin PBXSourcesBuildPhase section */
		04B3B7A11DD97CF5006ED2FF /* Sources */ = {
			isa = PBXSourcesBuildPhase;
			buildActionMask = 2147483647;
			files = (
				04B3B7B01DD97CF6006ED2FF /* ViewController.m in Sources */,
				04B3B7AD1DD97CF6006ED2FF /* AppDelegate.m in Sources */,
				04B3B7AA1DD97CF6006ED2FF /* main.m in Sources */,
			);
			runOnlyForDeploymentPostprocessing = 0;
		};
/* End PBXSourcesBuildPhase section */

/* Begin PBXVariantGroup section */
		04B3B7B11DD97CF6006ED2FF /* Main.storyboard */ = {
			isa = PBXVariantGroup;
			children = (
				04B3B7B21DD97CF6006ED2FF /* Base */,
			);
			name = Main.storyboard;
			sourceTree = "<group>";
		};
		04B3B7B61DD97CF6006ED2FF /* LaunchScreen.storyboard */ = {
			isa = PBXVariantGroup;
			children = (
				04B3B7B71DD97CF6006ED2FF /* Base */,
			);
			name = LaunchScreen.storyboard;
			sourceTree = "<group>";
		};
/* End PBXVariantGroup section */

/* Begin XCBuildConfiguration section */
		04B3B7BA1DD97CF6006ED2FF /* Debug */ = {
			isa = XCBuildConfiguration;
			buildSettings = {
				ALWAYS_SEARCH_USER_PATHS = NO;
				CLANG_ANALYZER_NONNULL = YES;
				CLANG_CXX_LANGUAGE_STANDARD = "gnu++0x";
				CLANG_CXX_LIBRARY = "libc++";
				CLANG_ENABLE_MODULES = YES;
				CLANG_ENABLE_OBJC_ARC = YES;
				CLANG_WARN_BOOL_CONVERSION = YES;
				CLANG_WARN_CONSTANT_CONVERSION = YES;
				CLANG_WARN_DIRECT_OBJC_ISA_USAGE = YES_ERROR;
				CLANG_WARN_EMPTY_BODY = YES;
				CLANG_WARN_ENUM_CONVERSION = YES;
				CLANG_WARN_INT_CONVERSION = YES;
				CLANG_WARN_OBJC_ROOT_CLASS = YES_ERROR;
				CLANG_WARN_UNREACHABLE_CODE = YES;
				CLANG_WARN__DUPLICATE_METHOD_MATCH = YES;
				"CODE_SIGN_IDENTITY[sdk=iphoneos*]" = "iPhone Developer";
				COPY_PHASE_STRIP = NO;
				DEBUG_INFORMATION_FORMAT = dwarf;
				ENABLE_STRICT_OBJC_MSGSEND = YES;
				ENABLE_TESTABILITY = YES;
				GCC_C_LANGUAGE_STANDARD = gnu99;
				GCC_DYNAMIC_NO_PIC = NO;
				GCC_NO_COMMON_BLOCKS = YES;
				GCC_OPTIMIZATION_LEVEL = 0;
				GCC_PREPROCESSOR_DEFINITIONS = (
					"DEBUG=1",
					"$(inherited)",
				);
				GCC_WARN_64_TO_32_BIT_CONVERSION = YES;
				GCC_WARN_ABOUT_RETURN_TYPE = YES_ERROR;
				GCC_WARN_UNDECLARED_SELECTOR = YES;
				GCC_WARN_UNINITIALIZED_AUTOS = YES_AGGRESSIVE;
				GCC_WARN_UNUSED_FUNCTION = YES;
				GCC_WARN_UNUSED_VARIABLE = YES;
				IPHONEOS_DEPLOYMENT_TARGET = 9.3;
				MTL_ENABLE_DEBUG_INFO = YES;
				ONLY_ACTIVE_ARCH = YES;
				SDKROOT = iphoneos;
				TARGETED_DEVICE_FAMILY = "1,2";
			};
			name = Debug;
		};
		04B3B7BB1DD97CF6006ED2FF /* Release */ = {
			isa = XCBuildConfiguration;
			buildSettings = {
				ALWAYS_SEARCH_USER_PATHS = NO;
				CLANG_ANALYZER_NONNULL = YES;
				CLANG_CXX_LANGUAGE_STANDARD = "gnu++0x";
				CLANG_CXX_LIBRARY = "libc++";
				CLANG_ENABLE_MODULES = YES;
				CLANG_ENABLE_OBJC_ARC = YES;
				CLANG_WARN_BOOL_CONVERSION = YES;
				CLANG_WARN_CONSTANT_CONVERSION = YES;
				CLANG_WARN_DIRECT_OBJC_ISA_USAGE = YES_ERROR;
				CLANG_WARN_EMPTY_BODY = YES;
				CLANG_WARN_ENUM_CONVERSION = YES;
				CLANG_WARN_INT_CONVERSION = YES;
				CLANG_WARN_OBJC_ROOT_CLASS = YES_ERROR;
				CLANG_WARN_UNREACHABLE_CODE = YES;
				CLANG_WARN__DUPLICATE_METHOD_MATCH = YES;
				"CODE_SIGN_IDENTITY[sdk=iphoneos*]" = "iPhone Developer";
				COPY_PHASE_STRIP = NO;
				DEBUG_INFORMATION_FORMAT = "dwarf-with-dsym";
				ENABLE_NS_ASSERTIONS = NO;
				ENABLE_STRICT_OBJC_MSGSEND = YES;
				GCC_C_LANGUAGE_STANDARD = gnu99;
				GCC_NO_COMMON_BLOCKS = YES;
				GCC_WARN_64_TO_32_BIT_CONVERSION = YES;
				GCC_WARN_ABOUT_RETURN_TYPE = YES_ERROR;
				GCC_WARN_UNDECLARED_SELECTOR = YES;
				GCC_WARN_UNINITIALIZED_AUTOS = YES_AGGRESSIVE;
				GCC_WARN_UNUSED_FUNCTION = YES;
				GCC_WARN_UNUSED_VARIABLE = YES;
				IPHONEOS_DEPLOYMENT_TARGET = 9.3;
				MTL_ENABLE_DEBUG_INFO = NO;
				SDKROOT = iphoneos;
				TARGETED_DEVICE_FAMILY = "1,2";
				VALIDATE_PRODUCT = YES;
			};
			name = Release;
		};
		04B3B7BD1DD97CF6006ED2FF /* Debug */ = {
			isa = XCBuildConfiguration;
			buildSettings = {
				ASSETCATALOG_COMPILER_APPICON_NAME = AppIcon;
				INFOPLIST_FILE = SWhereAmI/Info.plist;
				LD_RUNPATH_SEARCH_PATHS = "$(inherited) @executable_path/Frameworks";
				PRODUCT_BUNDLE_IDENTIFIER = com.swapnil.SWhereAmI;
				PRODUCT_NAME = "$(TARGET_NAME)";
			};
			name = Debug;
		};
		04B3B7BE1DD97CF6006ED2FF /* Release */ = {
			isa = XCBuildConfiguration;
			buildSettings = {
				ASSETCATALOG_COMPILER_APPICON_NAME = AppIcon;
				INFOPLIST_FILE = SWhereAmI/Info.plist;
				LD_RUNPATH_SEARCH_PATHS = "$(inherited) @executable_path/Frameworks";
				PRODUCT_BUNDLE_IDENTIFIER = com.swapnil.SWhereAmI;
				PRODUCT_NAME = "$(TARGET_NAME)";
			};
			name = Release;
		};
/* End XCBuildConfiguration section */

/* Begin XCConfigurationList section */
		04B3B7A01DD97CF5006ED2FF /* Build configuration list for PBXProject "SWhereAmI" */ = {
			isa = XCConfigurationList;
			buildConfigurations = (
				04B3B7BA1DD97CF6006ED2FF /* Debug */,
				04B3B7BB1DD97CF6006ED2FF /* Release */,
			);
			defaultConfigurationIsVisible = 0;
			defaultConfigurationName = Release;
		};
		04B3B7BC1DD97CF6006ED2FF /* Build configuration list for PBXNativeTarget "SWhereAmI" */ = {
			isa = XCConfigurationList;
			buildConfigurations = (
				04B3B7BD1DD97CF6006ED2FF /* Debug */,
				04B3B7BE1DD97CF6006ED2FF /* Release */,
			);
			defaultConfigurationIsVisible = 0;
		};
/* End XCConfigurationList section */
	};
	rootObject = 04B3B79D1DD97CF5006ED2FF /* Project object */;
}
